
Microsoft Visual Studio Solution File, Format Version 12.00
# Visual Studio 15
VisualStudioVersion = 15.0.28307.329
MinimumVisualStudioVersion = 10.0.40219.1
Project("{9A19103F-16F7-4668-BE54-9A1E7A4F7556}") = "Marketing", "Marketing\Marketing.csproj", "{1F6B081E-6860-4200-BA6B-5EF40FC2C419}"
EndProject
Project("{FAE04EC0-301F-11D3-BF4B-00C04F79EFBC}") = "Marketing.Data", "Marketing.Data\Marketing.Data.csproj", "{AAA636F2-A02D-4116-823C-F5FC95E82AA6}"
EndProject
Project("{FAE04EC0-301F-11D3-BF4B-00C04F79EFBC}") = "Marketing.Models", "Marketing.Models\Marketing.Models.csproj", "{4E89B500-79B0-4553-A5B0-7E3EE97ED231}"
EndProject
Global
	GlobalSection(SolutionConfigurationPlatforms) = preSolution
		Debug|Any CPU = Debug|Any CPU
		Release|Any CPU = Release|Any CPU
	EndGlobalSection
	GlobalSection(ProjectConfigurationPlatforms) = postSolution
		{1F6B081E-6860-4200-BA6B-5EF40FC2C419}.Debug|Any CPU.ActiveCfg = Debug|Any CPU
		{1F6B081E-6860-4200-BA6B-5EF40FC2C419}.Debug|Any CPU.Build.0 = Debug|Any CPU
		{1F6B081E-6860-4200-BA6B-5EF40FC2C419}.Release|Any CPU.ActiveCfg = Release|Any CPU
		{1F6B081E-6860-4200-BA6B-5EF40FC2C419}.Release|Any CPU.Build.0 = Release|Any CPU
		{AAA636F2-A02D-4116-823C-F5FC95E82AA6}.Debug|Any CPU.ActiveCfg = Debug|Any CPU
		{AAA636F2-A02D-4116-823C-F5FC95E82AA6}.Debug|Any CPU.Build.0 = Debug|Any CPU
		{AAA636F2-A02D-4116-823C-F5FC95E82AA6}.Release|Any CPU.ActiveCfg = Release|Any CPU
		{AAA636F2-A02D-4116-823C-F5FC95E82AA6}.Release|Any CPU.Build.0 = Release|Any CPU
		{4E89B500-79B0-4553-A5B0-7E3EE97ED231}.Debug|Any CPU.ActiveCfg = Debug|Any CPU
		{4E89B500-79B0-4553-A5B0-7E3EE97ED231}.Debug|Any CPU.Build.0 = Debug|Any CPU
		{4E89B500-79B0-4553-A5B0-7E3EE97ED231}.Release|Any CPU.ActiveCfg = Release|Any CPU
		{4E89B500-79B0-4553-A5B0-7E3EE97ED231}.Release|Any CPU.Build.0 = Release|Any CPU
	EndGlobalSection
	GlobalSection(SolutionProperties) = preSolution
		HideSolutionNode = FALSE
	EndGlobalSection
	GlobalSection(ExtensibilityGlobals) = postSolution
		SolutionGuid = {DC7ABF61-4F4A-4A0F-9F66-EF7CA69E7CC3}
	EndGlobalSection
EndGlobal
